# THIS IS AN AUTOGENERATED FILE. DO NOT EDIT THIS FILE DIRECTLY.
# yarn lockfile v1


react-native-simple-swipe@^1.0.0:
  version "1.0.0"
  resolved "https://eurostar.jfrog.io/eurostar/api/npm/npm/react-native-simple-swipe/-/react-native-simple-swipe-1.0.0.tgz#4ea7aa35359ecc1f414cd94e7eeeaf659e482900"
